
Microsoft Visual Studio Solution File, Format Version 12.00
# Visual Studio 15
VisualStudioVersion = 15.0.27130.2010
MinimumVisualStudioVersion = 10.0.40219.1
Project("{FAE04EC0-301F-11D3-BF4B-00C04F79EFBC}") = "GyroArduinoOpenTK", "GyroArduinoOpenTK\GyroArduinoOpenTK.csproj", "{F0AC9A55-199D-4B91-A6C8-C8C5A2B727A9}"
EndProject
Global
	GlobalSection(SolutionConfigurationPlatforms) = preSolution
		Debug|Any CPU = Debug|Any CPU
		Release|Any CPU = Release|Any CPU
	EndGlobalSection
	GlobalSection(ProjectConfigurationPlatforms) = postSolution
		{F0AC9A55-199D-4B91-A6C8-C8C5A2B727A9}.Debug|Any CPU.ActiveCfg = Debug|Any CPU
		{F0AC9A55-199D-4B91-A6C8-C8C5A2B727A9}.Debug|Any CPU.Build.0 = Debug|Any CPU
		{F0AC9A55-199D-4B91-A6C8-C8C5A2B727A9}.Release|Any CPU.ActiveCfg = Release|Any CPU
		{F0AC9A55-199D-4B91-A6C8-C8C5A2B727A9}.Release|Any CPU.Build.0 = Release|Any CPU
	EndGlobalSection
	GlobalSection(SolutionProperties) = preSolution
		HideSolutionNode = FALSE
	EndGlobalSection
	GlobalSection(ExtensibilityGlobals) = postSolution
		SolutionGuid = {F6A7E9E6-7C53-48F5-BB10-8D0EC45860CD}
	EndGlobalSection
EndGlobal
